
Microsoft Visual Studio Solution File, Format Version 12.00
# Visual Studio 15
VisualStudioVersion = 15.0.27703.2042
MinimumVisualStudioVersion = 10.0.40219.1
Project("{FAE04EC0-301F-11D3-BF4B-00C04F79EFBC}") = "CollectionsManipulations", "CollectionsManipulations\CollectionsManipulations.csproj", "{F403537E-AFA8-4468-9B6C-6DD623654200}"
EndProject
Project("{FAE04EC0-301F-11D3-BF4B-00C04F79EFBC}") = "CollectionsManipulations.Tests", "CollectionsManipulations.Tests\CollectionsManipulations.Tests.csproj", "{89F15C02-E23A-423D-9431-90C58A956872}"
EndProject
Global
	GlobalSection(SolutionConfigurationPlatforms) = preSolution
		Debug|Any CPU = Debug|Any CPU
		Release|Any CPU = Release|Any CPU
	EndGlobalSection
	GlobalSection(ProjectConfigurationPlatforms) = postSolution
		{F403537E-AFA8-4468-9B6C-6DD623654200}.Debug|Any CPU.ActiveCfg = Debug|Any CPU
		{F403537E-AFA8-4468-9B6C-6DD623654200}.Debug|Any CPU.Build.0 = Debug|Any CPU
		{F403537E-AFA8-4468-9B6C-6DD623654200}.Release|Any CPU.ActiveCfg = Release|Any CPU
		{F403537E-AFA8-4468-9B6C-6DD623654200}.Release|Any CPU.Build.0 = Release|Any CPU
		{89F15C02-E23A-423D-9431-90C58A956872}.Debug|Any CPU.ActiveCfg = Debug|Any CPU
		{89F15C02-E23A-423D-9431-90C58A956872}.Debug|Any CPU.Build.0 = Debug|Any CPU
		{89F15C02-E23A-423D-9431-90C58A956872}.Release|Any CPU.ActiveCfg = Release|Any CPU
		{89F15C02-E23A-423D-9431-90C58A956872}.Release|Any CPU.Build.0 = Release|Any CPU
	EndGlobalSection
	GlobalSection(SolutionProperties) = preSolution
		HideSolutionNode = FALSE
	EndGlobalSection
	GlobalSection(ExtensibilityGlobals) = postSolution
		SolutionGuid = {BB694012-DE51-4702-91EA-1CDE92FEBA55}
	EndGlobalSection
EndGlobal
